
Microsoft Visual Studio Solution File, Format Version 12.00
# Visual Studio Version 17
VisualStudioVersion = 17.9.34723.18
MinimumVisualStudioVersion = 10.0.40219.1
Project("{FAE04EC0-301F-11D3-BF4B-00C04F79EFBC}") = "CompactGit", "CompactGit\CompactGit.csproj", "{F1D39552-B8F9-4318-A542-F5F9D576040E}"
EndProject
Global
	GlobalSection(SolutionConfigurationPlatforms) = preSolution
		Debug|Any CPU = Debug|Any CPU
		Release|Any CPU = Release|Any CPU
	EndGlobalSection
	GlobalSection(ProjectConfigurationPlatforms) = postSolution
		{F1D39552-B8F9-4318-A542-F5F9D576040E}.Debug|Any CPU.ActiveCfg = Debug|Any CPU
		{F1D39552-B8F9-4318-A542-F5F9D576040E}.Debug|Any CPU.Build.0 = Debug|Any CPU
		{F1D39552-B8F9-4318-A542-F5F9D576040E}.Release|Any CPU.ActiveCfg = Release|Any CPU
		{F1D39552-B8F9-4318-A542-F5F9D576040E}.Release|Any CPU.Build.0 = Release|Any CPU
	EndGlobalSection
	GlobalSection(SolutionProperties) = preSolution
		HideSolutionNode = FALSE
	EndGlobalSection
	GlobalSection(ExtensibilityGlobals) = postSolution
		SolutionGuid = {F1EE1FBF-ED3A-461F-89F5-AE3ACDBB4A1C}
	EndGlobalSection
EndGlobal
